
Microsoft Visual Studio Solution File, Format Version 12.00
# Visual Studio Version 17
VisualStudioVersion = 17.7.34024.191
MinimumVisualStudioVersion = 10.0.40219.1
Project("{9A19103F-16F7-4668-BE54-9A1E7A4F7556}") = "SERVER CSOL Connect", "CSOL Connect Server App\SERVER CSOL Connect.csproj", "{DDBE3AB9-2AEF-4AAE-9274-4D1C0D69D56A}"
EndProject
Global
	GlobalSection(SolutionConfigurationPlatforms) = preSolution
		Debug|Any CPU = Debug|Any CPU
		Release|Any CPU = Release|Any CPU
	EndGlobalSection
	GlobalSection(ProjectConfigurationPlatforms) = postSolution
		{DDBE3AB9-2AEF-4AAE-9274-4D1C0D69D56A}.Debug|Any CPU.ActiveCfg = Debug|Any CPU
		{DDBE3AB9-2AEF-4AAE-9274-4D1C0D69D56A}.Debug|Any CPU.Build.0 = Debug|Any CPU
		{DDBE3AB9-2AEF-4AAE-9274-4D1C0D69D56A}.Release|Any CPU.ActiveCfg = Release|Any CPU
		{DDBE3AB9-2AEF-4AAE-9274-4D1C0D69D56A}.Release|Any CPU.Build.0 = Release|Any CPU
	EndGlobalSection
	GlobalSection(SolutionProperties) = preSolution
		HideSolutionNode = FALSE
	EndGlobalSection
	GlobalSection(ExtensibilityGlobals) = postSolution
		SolutionGuid = {7EBD2E54-C3DC-4B9C-9D74-50FF0EF5D2EA}
	EndGlobalSection
EndGlobal
